
Microsoft Visual Studio Solution File, Format Version 12.00
# Visual Studio Version 16
VisualStudioVersion = 16.0.34407.143
MinimumVisualStudioVersion = 10.0.40219.1
Project("{FAE04EC0-301F-11D3-BF4B-00C04F79EFBC}") = "Task1", "Task1\Task1.csproj", "{54C018F5-961B-4A23-AE99-BDD84BE0341B}"
EndProject
Global
	GlobalSection(SolutionConfigurationPlatforms) = preSolution
		Debug|Any CPU = Debug|Any CPU
		Release|Any CPU = Release|Any CPU
	EndGlobalSection
	GlobalSection(ProjectConfigurationPlatforms) = postSolution
		{54C018F5-961B-4A23-AE99-BDD84BE0341B}.Debug|Any CPU.ActiveCfg = Debug|Any CPU
		{54C018F5-961B-4A23-AE99-BDD84BE0341B}.Debug|Any CPU.Build.0 = Debug|Any CPU
		{54C018F5-961B-4A23-AE99-BDD84BE0341B}.Release|Any CPU.ActiveCfg = Release|Any CPU
		{54C018F5-961B-4A23-AE99-BDD84BE0341B}.Release|Any CPU.Build.0 = Release|Any CPU
	EndGlobalSection
	GlobalSection(SolutionProperties) = preSolution
		HideSolutionNode = FALSE
	EndGlobalSection
	GlobalSection(ExtensibilityGlobals) = postSolution
		SolutionGuid = {76A88EF4-DE6D-4AB3-A732-DD4431375E67}
	EndGlobalSection
EndGlobal
